
Microsoft Visual Studio Solution File, Format Version 12.00
# Visual Studio Version 16
VisualStudioVersion = 16.0.31129.286
MinimumVisualStudioVersion = 10.0.40219.1
Project("{FAE04EC0-301F-11D3-BF4B-00C04F79EFBC}") = "Calc", "Calc\Calc.csproj", "{14501E02-EC03-4F38-847E-300109BF1442}"
EndProject
Global
	GlobalSection(SolutionConfigurationPlatforms) = preSolution
		Debug|Any CPU = Debug|Any CPU
		Debug|x64 = Debug|x64
		Release|Any CPU = Release|Any CPU
		Release|x64 = Release|x64
	EndGlobalSection
	GlobalSection(ProjectConfigurationPlatforms) = postSolution
		{14501E02-EC03-4F38-847E-300109BF1442}.Debug|Any CPU.ActiveCfg = Debug|Any CPU
		{14501E02-EC03-4F38-847E-300109BF1442}.Debug|Any CPU.Build.0 = Debug|Any CPU
		{14501E02-EC03-4F38-847E-300109BF1442}.Debug|x64.ActiveCfg = Debug|x64
		{14501E02-EC03-4F38-847E-300109BF1442}.Debug|x64.Build.0 = Debug|x64
		{14501E02-EC03-4F38-847E-300109BF1442}.Release|Any CPU.ActiveCfg = Release|Any CPU
		{14501E02-EC03-4F38-847E-300109BF1442}.Release|Any CPU.Build.0 = Release|Any CPU
		{14501E02-EC03-4F38-847E-300109BF1442}.Release|x64.ActiveCfg = Release|x64
		{14501E02-EC03-4F38-847E-300109BF1442}.Release|x64.Build.0 = Release|x64
	EndGlobalSection
	GlobalSection(SolutionProperties) = preSolution
		HideSolutionNode = FALSE
	EndGlobalSection
	GlobalSection(ExtensibilityGlobals) = postSolution
		SolutionGuid = {F1C4FDC1-8E5D-4BD5-A5DD-A71F46F3A1E9}
	EndGlobalSection
EndGlobal
